{
    "_meta": {
        "hash": {
            "sha256": "65ecb336fa76268897fce1c2e41494ec049174aff25456f070bfb8d783db4041"
        },
        "pipfile-spec": 6,
        "requires": {
            "python_version": "3.7"
        },
        "sources": [
            {
                "name": "pypi",
                "url": "https://pypi.org/simple",
                "verify_ssl": true
            }
        ]
    },
    "default": {
        "pyparsing": {
            "hashes": [
                "sha256:1873c03321fc118f4e9746baf201ff990ceb915f433f23b395f5580d1840cb2a",
                "sha256:9b6323ef4ab914af344ba97510e966d64ba91055d6b9afa6b30799340e89cc03"
            ],
            "version": "==2.4.0"
        },
        "python-dateutil": {
            "hashes": [
                "sha256:7e6584c74aeed623791615e26efd690f29817a27c73085b78e4bad02493df2fb",
                "sha256:c89805f6f4d64db21ed966fda138f8a5ed7a4fdbc1a8ee329ce1b74e3c74da9e"
            ],
            "version": "==2.8.0"
        },
        "ruamel.yaml": {
            "hashes": [
                "sha256:0372b039c2358db2e7a7d5c77f2a37c552bd45896936f430678b5f00ac9fef08",
                "sha256:12ebbba6447cfd61491ace18a6972d4edaab6615c933ae8a0016c27c27ee93b7",
                "sha256:1973a131a7b5a604653ffd904286e53334c08306b575bf964ae87f226d4956cd",
                "sha256:21c130c2741e8499ad92362d24f68aad70089e77b206e6e85d62e255e6017c92",
                "sha256:21c6287beabb96c9f51478506b00db269276d84aa41a61f29c88af397406b267",
                "sha256:2e07d11526c70bfb3a07c77d73c72b7fcfae21cc7f2252c7d6419e25b6349d23",
                "sha256:32755f26f46816e46bd74fd48c4db63ee500b68cbe2394b2943daab573d12a33",
                "sha256:343ace5ffbab036536a3da65e4cfd31b8292388a389f6305744984581a479b2a",
                "sha256:3de37e2de83fa4016886bf40069e9cc7816b51a1f57687e6872cb414f891a573",
                "sha256:809db4d5213bfb0205e2dcc6118fbfa348e3ae39f3d8f6810e3e6831f3070321",
                "sha256:8810319a64d4cf5701feb7c2833b03f8bd29e1d6753e4b97cf977f889eb6354d",
                "sha256:8b91affdcab942ab1319d8d24345a3de8e0e70fd2871d5bb61e19e32b5ae31d9",
                "sha256:8e3d51a2d20a982a6eb38b0b9bcecdd2acacdcf2137081b0a744ca98cdcca9af",
                "sha256:97cc58bff414bf40b8b909aeadaa669becad35e182a2b229d0c3d6c9a34e1f15",
                "sha256:a6f4f214d6dc6253846630af7a701ee00ebd2730eca03c7e8e031d748b0e22e4",
                "sha256:e1e34869d005e3e5292f44022e01cc4eb3f045291ba01166908f97f4716e7a69",
                "sha256:effc63d7f86841cec3a4a76ed6c73f441e68c5ea02c3dee3faaaeda9fabc8cd8",
                "sha256:fc4c69b505f9178aa55b780cd8cde7c17927501046c7f0ebcd66959cd0dba2db"
            ],
            "version": "==0.15.96"
        },
        "six": {
            "hashes": [
                "sha256:3350809f0555b11f552448330d0b52d5f24c91a322ea4a15ef22629740f3761c",
                "sha256:d16a0141ec1a18405cd4ce8b4613101da75da0e9a7aec5bdd4fa804d0e0eba73"
            ],
            "version": "==1.12.0"
        },
        "strictyaml": {
            "hashes": [
                "sha256:06d7100587695a0edfabd772a6c6fb69071fc38c413df599e22dfd40e52f5fad"
            ],
            "index": "pypi",
            "version": "==1.0.1"
        },
        "svgwrite": {
            "hashes": [
                "sha256:3a3ffd9cea9323ca53afd2e5049c2be174590078d306ea5fe3e2dce037a29343",
                "sha256:72ef66c9fe367989823cb237ab7f012ac809dd3ba76c1b5ebd9aa61580e2e75e"
            ],
            "index": "pypi",
            "version": "==1.2.1"
        }
    },
    "develop": {}
}
